// !$*UTF8*$!
{
	archiveVersion = 1;
	classes = {
	};
	objectVersion = 46;
	objects = {

/* Begin PBXBuildFile section */
		5B9833E6900DD4F19684DE36 /* libPods-iQuizek.a in Frameworks */ = {isa = PBXBuildFile; fileRef = 1E3124180F190795BA9C597B /* libPods-iQuizek.a */; };
		EED74AB31D4E45360075F2C8 /* main.m in Sources */ = {isa = PBXBuildFile; fileRef = EED74AB21D4E45360075F2C8 /* main.m */; };
		EED74AB61D4E45360075F2C8 /* AppDelegate.m in Sources */ = {isa = PBXBuildFile; fileRef = EED74AB51D4E45360075F2C8 /* AppDelegate.m */; };
		EED74AB91D4E45360075F2C8 /* ViewController.m in Sources */ = {isa = PBXBuildFile; fileRef = EED74AB81D4E45360075F2C8 /* ViewController.m */; };
		EED74ABC1D4E45360075F2C8 /* Main.storyboard in Resources */ = {isa = PBXBuildFile; fileRef = EED74ABA1D4E45360075F2C8 /* Main.storyboard */; };
		EED74ABF1D4E45360075F2C8 /* iQuizek.xcdatamodeld in Sources */ = {isa = PBXBuildFile; fileRef = EED74ABD1D4E45360075F2C8 /* iQuizek.xcdatamodeld */; };
		EED74AC11D4E45360075F2C8 /* Assets.xcassets in Resources */ = {isa = PBXBuildFile; fileRef = EED74AC01D4E45360075F2C8 /* Assets.xcassets */; };
		EED74AC41D4E45360075F2C8 /* LaunchScreen.storyboard in Resources */ = {isa = PBXBuildFile; fileRef = EED74AC21D4E45360075F2C8 /* LaunchScreen.storyboard */; };
/* End PBXBuildFile section */

/* Begin PBXFileReference section */
		1E3124180F190795BA9C597B /* libPods-iQuizek.a */ = {isa = PBXFileReference; explicitFileType = archive.ar; includeInIndex = 0; path = "libPods-iQuizek.a"; sourceTree = BUILT_PRODUCTS_DIR; };
		73EEBD27388352A89BC38EFD /* Pods-iQuizek.debug.xcconfig */ = {isa = PBXFileReference; includeInIndex = 1; lastKnownFileType = text.xcconfig; name = "Pods-iQuizek.debug.xcconfig"; path = "Pods/Target Support Files/Pods-iQuizek/Pods-iQuizek.debug.xcconfig"; sourceTree = "<group>"; };
		EA8676A9492CB780791DE8E8 /* Pods-iQuizek.release.xcconfig */ = {isa = PBXFileReference; includeInIndex = 1; lastKnownFileType = text.xcconfig; name = "Pods-iQuizek.release.xcconfig"; path = "Pods/Target Support Files/Pods-iQuizek/Pods-iQuizek.release.xcconfig"; sourceTree = "<group>"; };
		EED74AAE1D4E45360075F2C8 /* iQuizek.app */ = {isa = PBXFileReference; explicitFileType = wrapper.application; includeInIndex = 0; path = iQuizek.app; sourceTree = BUILT_PRODUCTS_DIR; };
		EED74AB21D4E45360075F2C8 /* main.m */ = {isa = PBXFileReference; lastKnownFileType = sourcecode.c.objc; path = main.m; sourceTree = "<group>"; };
		EED74AB41D4E45360075F2C8 /* AppDelegate.h */ = {isa = PBXFileReference; lastKnownFileType = sourcecode.c.h; path = AppDelegate.h; sourceTree = "<group>"; };
		EED74AB51D4E45360075F2C8 /* AppDelegate.m */ = {isa = PBXFileReference; lastKnownFileType = sourcecode.c.objc; path = AppDelegate.m; sourceTree = "<group>"; };
		EED74AB71D4E45360075F2C8 /* ViewController.h */ = {isa = PBXFileReference; lastKnownFileType = sourcecode.c.h; path = ViewController.h; sourceTree = "<group>"; };
		EED74AB81D4E45360075F2C8 /* ViewController.m */ = {isa = PBXFileReference; lastKnownFileType = sourcecode.c.objc; path = ViewController.m; sourceTree = "<group>"; };
		EED74ABB1D4E45360075F2C8 /* Base */ = {isa = PBXFileReference; lastKnownFileType = file.storyboard; name = Base; path = Base.lproj/Main.storyboard; sourceTree = "<group>"; };
		EED74ABE1D4E45360075F2C8 /* iQuizek.xcdatamodel */ = {isa = PBXFileReference; lastKnownFileType = wrapper.xcdatamodel; path = iQuizek.xcdatamodel; sourceTree = "<group>"; };
		EED74AC01D4E45360075F2C8 /* Assets.xcassets */ = {isa = PBXFileReference; lastKnownFileType = folder.assetcatalog; path = Assets.xcassets; sourceTree = "<group>"; };
		EED74AC31D4E45360075F2C8 /* Base */ = {isa = PBXFileReference; lastKnownFileType = file.storyboard; name = Base; path = Base.lproj/LaunchScreen.storyboard; sourceTree = "<group>"; };
		EED74AC51D4E45360075F2C8 /* Info.plist */ = {isa = PBXFileReference; lastKnownFileType = text.plist.xml; path = Info.plist; sourceTree = "<group>"; };
/* End PBXFileReference section */

/* Begin PBXFrameworksBuildPhase section */
		EED74AAB1D4E45360075F2C8 /* Frameworks */ = {
			isa = PBXFrameworksBuildPhase;
			buildActionMask = 2147483647;
			files = (
				5B9833E6900DD4F19684DE36 /* libPods-iQuizek.a in Frameworks */,
			);
			runOnlyForDeploymentPostprocessing = 0;
		};
/* End PBXFrameworksBuildPhase section */

/* Begin PBXGroup section */
		DCE314D18161F68AA006B8CB /* Pods */ = {
			isa = PBXGroup;
			children = (
				73EEBD27388352A89BC38EFD /* Pods-iQuizek.debug.xcconfig */,
				EA8676A9492CB780791DE8E8 /* Pods-iQuizek.release.xcconfig */,
			);
			name = Pods;
			sourceTree = "<group>";
		};
		EED74AA51D4E45360075F2C8 = {
			isa = PBXGroup;
			children = (
				EED74AB01D4E45360075F2C8 /* iQuizek */,
				EED74AAF1D4E45360075F2C8 /* Products */,
				DCE314D18161F68AA006B8CB /* Pods */,
				FCFE1D92F4019CD3B0E562E0 /* Frameworks */,
			);
			sourceTree = "<group>";
		};
		EED74AAF1D4E45360075F2C8 /* Products */ = {
			isa = PBXGroup;
			children = (
				EED74AAE1D4E45360075F2C8 /* iQuizek.app */,
			);
			name = Products;
			sourceTree = "<group>";
		};
		EED74AB01D4E45360075F2C8 /* iQuizek */ = {
			isa = PBXGroup;
			children = (
				EED74AB41D4E45360075F2C8 /* AppDelegate.h */,
				EED74AB51D4E45360075F2C8 /* AppDelegate.m */,
				EED74AB71D4E45360075F2C8 /* ViewController.h */,
				EED74AB81D4E45360075F2C8 /* ViewController.m */,
				EED74ABA1D4E45360075F2C8 /* Main.storyboard */,
				EED74AC01D4E45360075F2C8 /* Assets.xcassets */,
				EED74AC21D4E45360075F2C8 /* LaunchScreen.storyboard */,
				EED74AC51D4E45360075F2C8 /* Info.plist */,
				EED74ABD1D4E45360075F2C8 /* iQuizek.xcdatamodeld */,
				EED74AB11D4E45360075F2C8 /* Supporting Files */,
			);
			path = iQuizek;
			sourceTree = "<group>";
		};
		EED74AB11D4E45360075F2C8 /* Supporting Files */ = {
			isa = PBXGroup;
			children = (
				EED74AB21D4E45360075F2C8 /* main.m */,
			);
			name = "Supporting Files";
			sourceTree = "<group>";
		};
		FCFE1D92F4019CD3B0E562E0 /* Frameworks */ = {
			isa = PBXGroup;
			children = (
				1E3124180F190795BA9C597B /* libPods-iQuizek.a */,
			);
			name = Frameworks;
			sourceTree = "<group>";
		};
/* End PBXGroup section */

/* Begin PBXNativeTarget section */
		EED74AAD1D4E45360075F2C8 /* iQuizek */ = {
			isa = PBXNativeTarget;
			buildConfigurationList = EED74AC81D4E45360075F2C8 /* Build configuration list for PBXNativeTarget "iQuizek" */;
			buildPhases = (
				EB4550EC7AE9E5E1B290F702 /* [CP] Check Pods Manifest.lock */,
				EED74AAA1D4E45360075F2C8 /* Sources */,
				EED74AAB1D4E45360075F2C8 /* Frameworks */,
				EED74AAC1D4E45360075F2C8 /* Resources */,
				2471E6BBA5AD2C5BD2E60657 /* [CP] Embed Pods Frameworks */,
				74854B915E62FD7BC731A33E /* [CP] Copy Pods Resources */,
			);
			buildRules = (
			);
			dependencies = (
			);
			name = iQuizek;
			productName = iQuizek;
			productReference = EED74AAE1D4E45360075F2C8 /* iQuizek.app */;
			productType = "com.apple.product-type.application";
		};
/* End PBXNativeTarget section */

/* Begin PBXProject section */
		EED74AA61D4E45360075F2C8 /* Project object */ = {
			isa = PBXProject;
			attributes = {
				LastUpgradeCheck = 0730;
				ORGANIZATIONNAME = "Marcin Rainka";
				TargetAttributes = {
					EED74AAD1D4E45360075F2C8 = {
						CreatedOnToolsVersion = 7.3.1;
					};
				};
			};
			buildConfigurationList = EED74AA91D4E45360075F2C8 /* Build configuration list for PBXProject "iQuizek" */;
			compatibilityVersion = "Xcode 3.2";
			developmentRegion = English;
			hasScannedForEncodings = 0;
			knownRegions = (
				en,
				Base,
			);
			mainGroup = EED74AA51D4E45360075F2C8;
			productRefGroup = EED74AAF1D4E45360075F2C8 /* Products */;
			projectDirPath = "";
			projectRoot = "";
			targets = (
				EED74AAD1D4E45360075F2C8 /* iQuizek */,
			);
		};
/* End PBXProject section */

/* Begin PBXResourcesBuildPhase section */
		EED74AAC1D4E45360075F2C8 /* Resources */ = {
			isa = PBXResourcesBuildPhase;
			buildActionMask = 2147483647;
			files = (
				EED74AC41D4E45360075F2C8 /* LaunchScreen.storyboard in Resources */,
				EED74AC11D4E45360075F2C8 /* Assets.xcassets in Resources */,
				EED74ABC1D4E45360075F2C8 /* Main.storyboard in Resources */,
			);
			runOnlyForDeploymentPostprocessing = 0;
		};
/* End PBXResourcesBuildPhase section */

/* Begin PBXShellScriptBuildPhase section */
		2471E6BBA5AD2C5BD2E60657 /* [CP] Embed Pods Frameworks */ = {
			isa = PBXShellScriptBuildPhase;
			buildActionMask = 2147483647;
			files = (
			);
			inputPaths = (
			);
			name = "[CP] Embed Pods Frameworks";
			outputPaths = (
			);
			runOnlyForDeploymentPostprocessing = 0;
			shellPath = /bin/sh;
			shellScript = "\"${SRCROOT}/Pods/Target Support Files/Pods-iQuizek/Pods-iQuizek-frameworks.sh\"\n";
			showEnvVarsInLog = 0;
		};
		74854B915E62FD7BC731A33E /* [CP] Copy Pods Resources */ = {
			isa = PBXShellScriptBuildPhase;
			buildActionMask = 2147483647;
			files = (
			);
			inputPaths = (
			);
			name = "[CP] Copy Pods Resources";
			outputPaths = (
			);
			runOnlyForDeploymentPostprocessing = 0;
			shellPath = /bin/sh;
			shellScript = "\"${SRCROOT}/Pods/Target Support Files/Pods-iQuizek/Pods-iQuizek-resources.sh\"\n";
			showEnvVarsInLog = 0;
		};
		EB4550EC7AE9E5E1B290F702 /* [CP] Check Pods Manifest.lock */ = {
			isa = PBXShellScriptBuildPhase;
			buildActionMask = 2147483647;
			files = (
			);
			inputPaths = (
			);
			name = "[CP] Check Pods Manifest.lock";
			outputPaths = (
			);
			runOnlyForDeploymentPostprocessing = 0;
			shellPath = /bin/sh;
			shellScript = "diff \"${PODS_ROOT}/../Podfile.lock\" \"${PODS_ROOT}/Manifest.lock\" > /dev/null\nif [[ $? != 0 ]] ; then\n    cat << EOM\nerror: The sandbox is not in sync with the Podfile.lock. Run 'pod install' or update your CocoaPods installation.\nEOM\n    exit 1\nfi\n";
			showEnvVarsInLog = 0;
		};
/* End PBXShellScriptBuildPhase section */

/* Begin PBXSourcesBuildPhase section */
		EED74AAA1D4E45360075F2C8 /* Sources */ = {
			isa = PBXSourcesBuildPhase;
			buildActionMask = 2147483647;
			files = (
				EED74AB91D4E45360075F2C8 /* ViewController.m in Sources */,
				EED74AB61D4E45360075F2C8 /* AppDelegate.m in Sources */,
				EED74ABF1D4E45360075F2C8 /* iQuizek.xcdatamodeld in Sources */,
				EED74AB31D4E45360075F2C8 /* main.m in Sources */,
			);
			runOnlyForDeploymentPostprocessing = 0;
		};
/* End PBXSourcesBuildPhase section */

/* Begin PBXVariantGroup section */
		EED74ABA1D4E45360075F2C8 /* Main.storyboard */ = {
			isa = PBXVariantGroup;
			children = (
				EED74ABB1D4E45360075F2C8 /* Base */,
			);
			name = Main.storyboard;
			sourceTree = "<group>";
		};
		EED74AC21D4E45360075F2C8 /* LaunchScreen.storyboard */ = {
			isa = PBXVariantGroup;
			children = (
				EED74AC31D4E45360075F2C8 /* Base */,
			);
			name = LaunchScreen.storyboard;
			sourceTree = "<group>";
		};
/* End PBXVariantGroup section */

/* Begin XCBuildConfiguration section */
		EED74AC61D4E45360075F2C8 /* Debug */ = {
			isa = XCBuildConfiguration;
			buildSettings = {
				ALWAYS_SEARCH_USER_PATHS = NO;
				CLANG_ANALYZER_NONNULL = YES;
				CLANG_CXX_LANGUAGE_STANDARD = "gnu++0x";
				CLANG_CXX_LIBRARY = "libc++";
				CLANG_ENABLE_MODULES = YES;
				CLANG_ENABLE_OBJC_ARC = YES;
				CLANG_WARN_BOOL_CONVERSION = YES;
				CLANG_WARN_CONSTANT_CONVERSION = YES;
				CLANG_WARN_DIRECT_OBJC_ISA_USAGE = YES_ERROR;
				CLANG_WARN_EMPTY_BODY = YES;
				CLANG_WARN_ENUM_CONVERSION = YES;
				CLANG_WARN_INT_CONVERSION = YES;
				CLANG_WARN_OBJC_ROOT_CLASS = YES_ERROR;
				CLANG_WARN_UNREACHABLE_CODE = YES;
				CLANG_WARN__DUPLICATE_METHOD_MATCH = YES;
				"CODE_SIGN_IDENTITY[sdk=iphoneos*]" = "iPhone Developer";
				COPY_PHASE_STRIP = NO;
				DEBUG_INFORMATION_FORMAT = dwarf;
				ENABLE_STRICT_OBJC_MSGSEND = YES;
				ENABLE_TESTABILITY = YES;
				GCC_C_LANGUAGE_STANDARD = gnu99;
				GCC_DYNAMIC_NO_PIC = NO;
				GCC_NO_COMMON_BLOCKS = YES;
				GCC_OPTIMIZATION_LEVEL = 0;
				GCC_PREPROCESSOR_DEFINITIONS = (
					"DEBUG=1",
					"$(inherited)",
				);
				GCC_WARN_64_TO_32_BIT_CONVERSION = YES;
				GCC_WARN_ABOUT_RETURN_TYPE = YES_ERROR;
				GCC_WARN_UNDECLARED_SELECTOR = YES;
				GCC_WARN_UNINITIALIZED_AUTOS = YES_AGGRESSIVE;
				GCC_WARN_UNUSED_FUNCTION = YES;
				GCC_WARN_UNUSED_VARIABLE = YES;
				IPHONEOS_DEPLOYMENT_TARGET = 9.3;
				MTL_ENABLE_DEBUG_INFO = YES;
				ONLY_ACTIVE_ARCH = YES;
				SDKROOT = iphoneos;
			};
			name = Debug;
		};
		EED74AC71D4E45360075F2C8 /* Release */ = {
			isa = XCBuildConfiguration;
			buildSettings = {
				ALWAYS_SEARCH_USER_PATHS = NO;
				CLANG_ANALYZER_NONNULL = YES;
				CLANG_CXX_LANGUAGE_STANDARD = "gnu++0x";
				CLANG_CXX_LIBRARY = "libc++";
				CLANG_ENABLE_MODULES = YES;
				CLANG_ENABLE_OBJC_ARC = YES;
				CLANG_WARN_BOOL_CONVERSION = YES;
				CLANG_WARN_CONSTANT_CONVERSION = YES;
				CLANG_WARN_DIRECT_OBJC_ISA_USAGE = YES_ERROR;
				CLANG_WARN_EMPTY_BODY = YES;
				CLANG_WARN_ENUM_CONVERSION = YES;
				CLANG_WARN_INT_CONVERSION = YES;
				CLANG_WARN_OBJC_ROOT_CLASS = YES_ERROR;
				CLANG_WARN_UNREACHABLE_CODE = YES;
				CLANG_WARN__DUPLICATE_METHOD_MATCH = YES;
				"CODE_SIGN_IDENTITY[sdk=iphoneos*]" = "iPhone Developer";
				COPY_PHASE_STRIP = NO;
				DEBUG_INFORMATION_FORMAT = "dwarf-with-dsym";
				ENABLE_NS_ASSERTIONS = NO;
				ENABLE_STRICT_OBJC_MSGSEND = YES;
				GCC_C_LANGUAGE_STANDARD = gnu99;
				GCC_NO_COMMON_BLOCKS = YES;
				GCC_WARN_64_TO_32_BIT_CONVERSION = YES;
				GCC_WARN_ABOUT_RETURN_TYPE = YES_ERROR;
				GCC_WARN_UNDECLARED_SELECTOR = YES;
				GCC_WARN_UNINITIALIZED_AUTOS = YES_AGGRESSIVE;
				GCC_WARN_UNUSED_FUNCTION = YES;
				GCC_WARN_UNUSED_VARIABLE = YES;
				IPHONEOS_DEPLOYMENT_TARGET = 9.3;
				MTL_ENABLE_DEBUG_INFO = NO;
				SDKROOT = iphoneos;
				VALIDATE_PRODUCT = YES;
			};
			name = Release;
		};
		EED74AC91D4E45360075F2C8 /* Debug */ = {
			isa = XCBuildConfiguration;
			baseConfigurationReference = 73EEBD27388352A89BC38EFD /* Pods-iQuizek.debug.xcconfig */;
			buildSettings = {
				ASSETCATALOG_COMPILER_APPICON_NAME = AppIcon;
				INFOPLIST_FILE = iQuizek/Info.plist;
				LD_RUNPATH_SEARCH_PATHS = "$(inherited) @executable_path/Frameworks";
				PRODUCT_BUNDLE_IDENTIFIER = com.mr.iQuizek;
				PRODUCT_NAME = "$(TARGET_NAME)";
			};
			name = Debug;
		};
		EED74ACA1D4E45360075F2C8 /* Release */ = {
			isa = XCBuildConfiguration;
			baseConfigurationReference = EA8676A9492CB780791DE8E8 /* Pods-iQuizek.release.xcconfig */;
			buildSettings = {
				ASSETCATALOG_COMPILER_APPICON_NAME = AppIcon;
				INFOPLIST_FILE = iQuizek/Info.plist;
				LD_RUNPATH_SEARCH_PATHS = "$(inherited) @executable_path/Frameworks";
				PRODUCT_BUNDLE_IDENTIFIER = com.mr.iQuizek;
				PRODUCT_NAME = "$(TARGET_NAME)";
			};
			name = Release;
		};
/* End XCBuildConfiguration section */

/* Begin XCConfigurationList section */
		EED74AA91D4E45360075F2C8 /* Build configuration list for PBXProject "iQuizek" */ = {
			isa = XCConfigurationList;
			buildConfigurations = (
				EED74AC61D4E45360075F2C8 /* Debug */,
				EED74AC71D4E45360075F2C8 /* Release */,
			);
			defaultConfigurationIsVisible = 0;
			defaultConfigurationName = Release;
		};
		EED74AC81D4E45360075F2C8 /* Build configuration list for PBXNativeTarget "iQuizek" */ = {
			isa = XCConfigurationList;
			buildConfigurations = (
				EED74AC91D4E45360075F2C8 /* Debug */,
				EED74ACA1D4E45360075F2C8 /* Release */,
			);
			defaultConfigurationIsVisible = 0;
			defaultConfigurationName = Release;
		};
/* End XCConfigurationList section */

/* Begin XCVersionGroup section */
		EED74ABD1D4E45360075F2C8 /* iQuizek.xcdatamodeld */ = {
			isa = XCVersionGroup;
			children = (
				EED74ABE1D4E45360075F2C8 /* iQuizek.xcdatamodel */,
			);
			currentVersion = EED74ABE1D4E45360075F2C8 /* iQuizek.xcdatamodel */;
			path = iQuizek.xcdatamodeld;
			sourceTree = "<group>";
			versionGroupType = wrapper.xcdatamodel;
		};
/* End XCVersionGroup section */
	};
	rootObject = EED74AA61D4E45360075F2C8 /* Project object */;
}
